
Microsoft Visual Studio Solution File, Format Version 12.00
Project("{FAE04EC0-301F-11D3-BF4B-00C04F79EFBC}") = "BlazorWASM", "BlazorWASM\BlazorWASM.csproj", "{15936D32-9787-4300-A416-E85959350FC3}"
	ProjectSection(ProjectDependencies) = postProject
		{3B254D92-5FA0-45D8-B2EB-E9C18209BADC} = {3B254D92-5FA0-45D8-B2EB-E9C18209BADC}
		{17EAB672-FC5A-4766-B615-82DE7CE8D420} = {17EAB672-FC5A-4766-B615-82DE7CE8D420}
	EndProjectSection
EndProject
Project("{FAE04EC0-301F-11D3-BF4B-00C04F79EFBC}") = "HTTPClients", "HTTPClients\HTTPClients.csproj", "{17EAB672-FC5A-4766-B615-82DE7CE8D420}"
EndProject
Project("{FAE04EC0-301F-11D3-BF4B-00C04F79EFBC}") = "WebAPI", "WebAPI\WebAPI.csproj", "{1AC9813F-4713-4A36-B3C2-C70729D5F45D}"
	ProjectSection(ProjectDependencies) = postProject
		{3B254D92-5FA0-45D8-B2EB-E9C18209BADC} = {3B254D92-5FA0-45D8-B2EB-E9C18209BADC}
		{2F62AF22-7080-40EA-B7EF-599BAF01D8AA} = {2F62AF22-7080-40EA-B7EF-599BAF01D8AA}
		{785D515C-349D-460E-8D5D-39152B1BAF7A} = {785D515C-349D-460E-8D5D-39152B1BAF7A}
	EndProjectSection
EndProject
Project("{FAE04EC0-301F-11D3-BF4B-00C04F79EFBC}") = "Application", "Application\Application.csproj", "{785D515C-349D-460E-8D5D-39152B1BAF7A}"
EndProject
Project("{FAE04EC0-301F-11D3-BF4B-00C04F79EFBC}") = "Shared", "Shared\Shared.csproj", "{CE0D8E66-BD6D-410C-B74B-E8601AC6F80D}"
EndProject
Global
	GlobalSection(SolutionConfigurationPlatforms) = preSolution
		Debug|Any CPU = Debug|Any CPU
		Release|Any CPU = Release|Any CPU
	EndGlobalSection
	GlobalSection(ProjectConfigurationPlatforms) = postSolution
		{15936D32-9787-4300-A416-E85959350FC3}.Debug|Any CPU.ActiveCfg = Debug|Any CPU
		{15936D32-9787-4300-A416-E85959350FC3}.Debug|Any CPU.Build.0 = Debug|Any CPU
		{15936D32-9787-4300-A416-E85959350FC3}.Release|Any CPU.ActiveCfg = Release|Any CPU
		{15936D32-9787-4300-A416-E85959350FC3}.Release|Any CPU.Build.0 = Release|Any CPU
		{17EAB672-FC5A-4766-B615-82DE7CE8D420}.Debug|Any CPU.ActiveCfg = Debug|Any CPU
		{17EAB672-FC5A-4766-B615-82DE7CE8D420}.Debug|Any CPU.Build.0 = Debug|Any CPU
		{17EAB672-FC5A-4766-B615-82DE7CE8D420}.Release|Any CPU.ActiveCfg = Release|Any CPU
		{17EAB672-FC5A-4766-B615-82DE7CE8D420}.Release|Any CPU.Build.0 = Release|Any CPU
		{1AC9813F-4713-4A36-B3C2-C70729D5F45D}.Debug|Any CPU.ActiveCfg = Debug|Any CPU
		{1AC9813F-4713-4A36-B3C2-C70729D5F45D}.Debug|Any CPU.Build.0 = Debug|Any CPU
		{1AC9813F-4713-4A36-B3C2-C70729D5F45D}.Release|Any CPU.ActiveCfg = Release|Any CPU
		{1AC9813F-4713-4A36-B3C2-C70729D5F45D}.Release|Any CPU.Build.0 = Release|Any CPU
		{785D515C-349D-460E-8D5D-39152B1BAF7A}.Debug|Any CPU.ActiveCfg = Debug|Any CPU
		{785D515C-349D-460E-8D5D-39152B1BAF7A}.Debug|Any CPU.Build.0 = Debug|Any CPU
		{785D515C-349D-460E-8D5D-39152B1BAF7A}.Release|Any CPU.ActiveCfg = Release|Any CPU
		{785D515C-349D-460E-8D5D-39152B1BAF7A}.Release|Any CPU.Build.0 = Release|Any CPU
		{CE0D8E66-BD6D-410C-B74B-E8601AC6F80D}.Debug|Any CPU.ActiveCfg = Debug|Any CPU
		{CE0D8E66-BD6D-410C-B74B-E8601AC6F80D}.Debug|Any CPU.Build.0 = Debug|Any CPU
		{CE0D8E66-BD6D-410C-B74B-E8601AC6F80D}.Release|Any CPU.ActiveCfg = Release|Any CPU
		{CE0D8E66-BD6D-410C-B74B-E8601AC6F80D}.Release|Any CPU.Build.0 = Release|Any CPU
	EndGlobalSection
EndGlobal
